
Microsoft Visual Studio Solution File, Format Version 12.00
# Visual Studio 15
VisualStudioVersion = 15.0.28307.572
MinimumVisualStudioVersion = 10.0.40219.1
Project("{8BC9CEB8-8B4A-11D0-8D11-00A0C91BC942}") = "task3.c", "task3.c\task3.c.vcxproj", "{E67FFCFA-90FD-45BB-94EE-1BD51776780B}"
EndProject
Global
	GlobalSection(SolutionConfigurationPlatforms) = preSolution
		Debug|x64 = Debug|x64
		Debug|x86 = Debug|x86
		Release|x64 = Release|x64
		Release|x86 = Release|x86
	EndGlobalSection
	GlobalSection(ProjectConfigurationPlatforms) = postSolution
		{E67FFCFA-90FD-45BB-94EE-1BD51776780B}.Debug|x64.ActiveCfg = Debug|x64
		{E67FFCFA-90FD-45BB-94EE-1BD51776780B}.Debug|x64.Build.0 = Debug|x64
		{E67FFCFA-90FD-45BB-94EE-1BD51776780B}.Debug|x86.ActiveCfg = Debug|Win32
		{E67FFCFA-90FD-45BB-94EE-1BD51776780B}.Debug|x86.Build.0 = Debug|Win32
		{E67FFCFA-90FD-45BB-94EE-1BD51776780B}.Release|x64.ActiveCfg = Release|x64
		{E67FFCFA-90FD-45BB-94EE-1BD51776780B}.Release|x64.Build.0 = Release|x64
		{E67FFCFA-90FD-45BB-94EE-1BD51776780B}.Release|x86.ActiveCfg = Release|Win32
		{E67FFCFA-90FD-45BB-94EE-1BD51776780B}.Release|x86.Build.0 = Release|Win32
	EndGlobalSection
	GlobalSection(SolutionProperties) = preSolution
		HideSolutionNode = FALSE
	EndGlobalSection
	GlobalSection(ExtensibilityGlobals) = postSolution
		SolutionGuid = {ED7D294A-44DA-4897-B7C0-1D02B9E17AC0}
	EndGlobalSection
EndGlobal
